638eedee3857bf932dfe2fd91d941f58a7440414bd11b599e1ecaaab333794b5  holdout/Cargo.toml
69938ba69b5c43c0e09088f7054562a69c850bb5dafe64baa3cf1c0cbc3d8f1a  holdout/fixtures/diabetes_minimal.xml
988cc63f940e35a4f7b348715dabbc9fcc5772eb35d4f994dbece0eb73999974  holdout/fixtures/fitbit_hr_dup/988cc63f940e35a4f7b348715dabbc9fcc5772eb35d4f994dbece0eb73999974
4b502ddb87cdaa634bdee60e42dd74013d6b3687a077c2cb402d30a84efdd9f4  holdout/fixtures/fitbit_hr_dup/988cc63f940e35a4f7b348715dabbc9fcc5772eb35d4f994dbece0eb73999974.meta.json
d3dc1b23544b37315b959915881c94dcbd0fe83a05b3535d1d926799170e2d48  holdout/fixtures/fitbit_hr_dup/d3dc1b23544b37315b959915881c94dcbd0fe83a05b3535d1d926799170e2d48
b8364d0d90bfd9650d4b3221da677bf25c8a065d39bf986ccccad4b87b397c13  holdout/fixtures/fitbit_hr_dup/d3dc1b23544b37315b959915881c94dcbd0fe83a05b3535d1d926799170e2d48.meta.json
de61ea16a58c7401c647fb6ec0baee0539bb6e5e6a68dea86a721e23abccefab  holdout/src/lib.rs
ccaa309d26380f440effeab208ad4af76c87cf6a939cbaf02f7995bd42b682a7  holdout/tests/clinical_lists.rs
6a9ddc8c5a9fff0c891fd3bacb6262f90302758a28e847d664aee13bf6de7156  holdout/tests/fitbit_hr_dedup.rs
