638eedee3857bf932dfe2fd91d941f58a7440414bd11b599e1ecaaab333794b5  holdout/Cargo.toml
69938ba69b5c43c0e09088f7054562a69c850bb5dafe64baa3cf1c0cbc3d8f1a  holdout/fixtures/diabetes_minimal.xml
2ddd7b6451b9c78131042a68adc60c522dd69d50580702c396d91b5b209adde5  holdout/src/lib.rs
ccaa309d26380f440effeab208ad4af76c87cf6a939cbaf02f7995bd42b682a7  holdout/tests/clinical_lists.rs
