7c817bd27a82b7b9a2d17a72dd3e64ef939f56e1138aa0f42ae89cf29034a786  holdout/Cargo.toml
69938ba69b5c43c0e09088f7054562a69c850bb5dafe64baa3cf1c0cbc3d8f1a  holdout/fixtures/diabetes_minimal.xml
0bcf4617b090a01968405631d2d3bd82bebb803cef827617244555b918868e07  holdout/fixtures/episode_sleep_nights/0bcf4617b090a01968405631d2d3bd82bebb803cef827617244555b918868e07
544334a11f287014b5092ba898b0b7c04561da1f80187d3295dcccb548561c52  holdout/fixtures/episode_sleep_nights/0bcf4617b090a01968405631d2d3bd82bebb803cef827617244555b918868e07.meta.json
b4c10d7a91bbcf5703c7f9f8965ea7a54dc80c854d132c0d2a71b66c1bc686c4  holdout/fixtures/episode_sleep_nights/b4c10d7a91bbcf5703c7f9f8965ea7a54dc80c854d132c0d2a71b66c1bc686c4
ad0a36738e3f2a5f3926790bafcfda521df7d236a6d03bf3e030405060c0c6dc  holdout/fixtures/episode_sleep_nights/b4c10d7a91bbcf5703c7f9f8965ea7a54dc80c854d132c0d2a71b66c1bc686c4.meta.json
988cc63f940e35a4f7b348715dabbc9fcc5772eb35d4f994dbece0eb73999974  holdout/fixtures/fitbit_confidence/988cc63f940e35a4f7b348715dabbc9fcc5772eb35d4f994dbece0eb73999974
4b502ddb87cdaa634bdee60e42dd74013d6b3687a077c2cb402d30a84efdd9f4  holdout/fixtures/fitbit_confidence/988cc63f940e35a4f7b348715dabbc9fcc5772eb35d4f994dbece0eb73999974.meta.json
988cc63f940e35a4f7b348715dabbc9fcc5772eb35d4f994dbece0eb73999974  holdout/fixtures/fitbit_hr_dup/988cc63f940e35a4f7b348715dabbc9fcc5772eb35d4f994dbece0eb73999974
4b502ddb87cdaa634bdee60e42dd74013d6b3687a077c2cb402d30a84efdd9f4  holdout/fixtures/fitbit_hr_dup/988cc63f940e35a4f7b348715dabbc9fcc5772eb35d4f994dbece0eb73999974.meta.json
d3dc1b23544b37315b959915881c94dcbd0fe83a05b3535d1d926799170e2d48  holdout/fixtures/fitbit_hr_dup/d3dc1b23544b37315b959915881c94dcbd0fe83a05b3535d1d926799170e2d48
b8364d0d90bfd9650d4b3221da677bf25c8a065d39bf986ccccad4b87b397c13  holdout/fixtures/fitbit_hr_dup/d3dc1b23544b37315b959915881c94dcbd0fe83a05b3535d1d926799170e2d48.meta.json
85b7837f95774fd0d7000da50992a8385effbb067be718b4f36370fc97a45d4d  holdout/fixtures/narrative_pdf/85b7837f95774fd0d7000da50992a8385effbb067be718b4f36370fc97a45d4d
c96d76c1631f3412636669dd2b0fca679497ac50060d299e1a5b629cc7fa8c16  holdout/fixtures/narrative_pdf/85b7837f95774fd0d7000da50992a8385effbb067be718b4f36370fc97a45d4d.meta.json
c749a54e55e6f009146acd05dd0ea0adf273797bb37b205944376251e82074b0  holdout/fixtures/narrative_pdf/c749a54e55e6f009146acd05dd0ea0adf273797bb37b205944376251e82074b0
af58e81a6c4ca43fe4eadbc83d88a46e821883721c64810e49e3b984ed009073  holdout/fixtures/narrative_pdf/c749a54e55e6f009146acd05dd0ea0adf273797bb37b205944376251e82074b0.meta.json
ba332effad7372625e2bc14ffc908403f69b2b2c123160b44f8c7a190d25abd8  holdout/fixtures/observation_stats_vitals.xml
6e0ea2a796a4b383d65025e650ccfb880b85d7c7acbee3164e12527739ef38f6  holdout/fixtures/oura_sleep_night/6e0ea2a796a4b383d65025e650ccfb880b85d7c7acbee3164e12527739ef38f6
ead20d0aa7ac73871cae4e524639059dcb454359c0385296f279a000f22ab3ce  holdout/fixtures/oura_sleep_night/6e0ea2a796a4b383d65025e650ccfb880b85d7c7acbee3164e12527739ef38f6.meta.json
72604a1068cfe8b018482999951c038e3f8e2a58e9fb446ba17dc0fcd09f1c0e  holdout/fixtures/relationship_vitals.xml
75fa19bf4bd72d9f3e5e5b581c9b9574681d170597cedf6edc39521d2b641dc4  holdout/fixtures/spearman_vitals.xml
58a15cd5239630b8be255e14e767f262a6a03cb24d34b8b29022da7b8f35be11  holdout/src/lib.rs
3a8a5dd15877e2795110e28e3edcc6361cb30431c590234c53ee9a07c0846ff4  holdout/src/mock_llm.rs
42333b45d59c850a065febca592af27f1ea6cac386e747358cbcf027ca90121d  holdout/tests/aligned_table.rs
ccaa309d26380f440effeab208ad4af76c87cf6a939cbaf02f7995bd42b682a7  holdout/tests/clinical_lists.rs
f9595e2753b37463a1a4349a04f5f1e387470ea70bef89200446f4545b028601  holdout/tests/episode_bucketing.rs
c94d90ee1da0198ba91cccf8c0e9dc908d9961bfbfbca6c0f378ee245e4f3ad1  holdout/tests/fitbit_confidence.rs
6a9ddc8c5a9fff0c891fd3bacb6262f90302758a28e847d664aee13bf6de7156  holdout/tests/fitbit_hr_dedup.rs
624fad8b00cab71c37f541bc584a4c4ae1c6ae47030dfbcab4b96aed26b497e2  holdout/tests/intraday_hour_bucketing.rs
52c9714b908433d05149b6c021eb567be9f400d4c00102e65503e7337af3655f  holdout/tests/narrative_llm.rs
7e76bef3c522b9f0287bcb227d734a298e1b96f6f7cf15d67f1c7ac4ee9c8e75  holdout/tests/narrative_pdf.rs
412d2ac9f866d95952b13b05560e110a2b864bbf60338686c33ff755d3af8b9e  holdout/tests/observation_stats.rs
633f003eda297b0707cd537e720928f68e9f5796bedced4387ed58f33a1f39f5  holdout/tests/signal_relationship.rs
6d3dbe3fdfab4990eba55c523c9c6df7af1d5d80781256391c94da7f5e3ef5ea  holdout/tests/spearman_relationship.rs
